
Microsoft Visual Studio Solution File, Format Version 12.00
# Visual Studio 2013
VisualStudioVersion = 12.0.0.0
MinimumVisualStudioVersion = 10.0.0.1
Project("{FAE04EC0-301F-11D3-BF4B-00C04F79EFBC}") = "Generics", "Generics\Generics.csproj", "{AB3C1BA8-981B-4200-9D92-FC9352A478C9}"
EndProject
Project("{FAE04EC0-301F-11D3-BF4B-00C04F79EFBC}") = "TestGenerics", "TestGenerics\TestGenerics.csproj", "{7F01F49F-98F7-47DF-A0FA-531D4D51D60E}"
EndProject
Project("{FAE04EC0-301F-11D3-BF4B-00C04F79EFBC}") = "Structures", "Structures\Structures.csproj", "{6AA7C423-482F-4B8B-B213-692C1A151440}"
EndProject
Project("{FAE04EC0-301F-11D3-BF4B-00C04F79EFBC}") = "LINQWrapper", "LINQWrapper\LINQWrapper.csproj", "{794D8AA8-0E79-4B9D-80B3-1A3690A782AF}"
EndProject
Global
	GlobalSection(SolutionConfigurationPlatforms) = preSolution
		Debug|Any CPU = Debug|Any CPU
		Release|Any CPU = Release|Any CPU
	EndGlobalSection
	GlobalSection(ProjectConfigurationPlatforms) = postSolution
		{AB3C1BA8-981B-4200-9D92-FC9352A478C9}.Debug|Any CPU.ActiveCfg = Debug|Any CPU
		{AB3C1BA8-981B-4200-9D92-FC9352A478C9}.Debug|Any CPU.Build.0 = Debug|Any CPU
		{AB3C1BA8-981B-4200-9D92-FC9352A478C9}.Release|Any CPU.ActiveCfg = Release|Any CPU
		{AB3C1BA8-981B-4200-9D92-FC9352A478C9}.Release|Any CPU.Build.0 = Release|Any CPU
		{7F01F49F-98F7-47DF-A0FA-531D4D51D60E}.Debug|Any CPU.ActiveCfg = Debug|Any CPU
		{7F01F49F-98F7-47DF-A0FA-531D4D51D60E}.Debug|Any CPU.Build.0 = Debug|Any CPU
		{7F01F49F-98F7-47DF-A0FA-531D4D51D60E}.Release|Any CPU.ActiveCfg = Release|Any CPU
		{7F01F49F-98F7-47DF-A0FA-531D4D51D60E}.Release|Any CPU.Build.0 = Release|Any CPU
		{6AA7C423-482F-4B8B-B213-692C1A151440}.Debug|Any CPU.ActiveCfg = Debug|Any CPU
		{6AA7C423-482F-4B8B-B213-692C1A151440}.Debug|Any CPU.Build.0 = Debug|Any CPU
		{6AA7C423-482F-4B8B-B213-692C1A151440}.Release|Any CPU.ActiveCfg = Release|Any CPU
		{6AA7C423-482F-4B8B-B213-692C1A151440}.Release|Any CPU.Build.0 = Release|Any CPU
		{794D8AA8-0E79-4B9D-80B3-1A3690A782AF}.Debug|Any CPU.ActiveCfg = Debug|Any CPU
		{794D8AA8-0E79-4B9D-80B3-1A3690A782AF}.Debug|Any CPU.Build.0 = Debug|Any CPU
		{794D8AA8-0E79-4B9D-80B3-1A3690A782AF}.Release|Any CPU.ActiveCfg = Release|Any CPU
		{794D8AA8-0E79-4B9D-80B3-1A3690A782AF}.Release|Any CPU.Build.0 = Release|Any CPU
	EndGlobalSection
	GlobalSection(SolutionProperties) = preSolution
		HideSolutionNode = FALSE
	EndGlobalSection
EndGlobal
